
Microsoft Visual Studio Solution File, Format Version 12.00
# Visual Studio Version 17
VisualStudioVersion = 17.11.35327.3
MinimumVisualStudioVersion = 10.0.40219.1
Project("{FAE04EC0-301F-11D3-BF4B-00C04F79EFBC}") = "CodingTracker.Bina28", "CodingTracker.Bina28.csproj", "{76C951B9-E171-43C8-A6F5-B8AFD26EFED2}"
EndProject
Global
	GlobalSection(SolutionConfigurationPlatforms) = preSolution
		Debug|Any CPU = Debug|Any CPU
		Release|Any CPU = Release|Any CPU
	EndGlobalSection
	GlobalSection(ProjectConfigurationPlatforms) = postSolution
		{76C951B9-E171-43C8-A6F5-B8AFD26EFED2}.Debug|Any CPU.ActiveCfg = Debug|Any CPU
		{76C951B9-E171-43C8-A6F5-B8AFD26EFED2}.Debug|Any CPU.Build.0 = Debug|Any CPU
		{76C951B9-E171-43C8-A6F5-B8AFD26EFED2}.Release|Any CPU.ActiveCfg = Release|Any CPU
		{76C951B9-E171-43C8-A6F5-B8AFD26EFED2}.Release|Any CPU.Build.0 = Release|Any CPU
	EndGlobalSection
	GlobalSection(SolutionProperties) = preSolution
		HideSolutionNode = FALSE
	EndGlobalSection
	GlobalSection(ExtensibilityGlobals) = postSolution
		SolutionGuid = {27722806-378E-4376-BC7D-873C1B0F24CA}
	EndGlobalSection
EndGlobal
